
Microsoft Visual Studio Solution File, Format Version 12.00
# Visual Studio Version 17
VisualStudioVersion = 17.8.34511.84
MinimumVisualStudioVersion = 10.0.40219.1
Project("{9A19103F-16F7-4668-BE54-9A1E7A4F7556}") = "Blazor_Javascript_CssIsolation", "Blazor_Javascript_CssIsolation\Blazor_Javascript_CssIsolation.csproj", "{5AFF4406-D6F6-405C-AAF7-A7D5FCD4476E}"
EndProject
Global
	GlobalSection(SolutionConfigurationPlatforms) = preSolution
		Debug|Any CPU = Debug|Any CPU
		Release|Any CPU = Release|Any CPU
	EndGlobalSection
	GlobalSection(ProjectConfigurationPlatforms) = postSolution
		{5AFF4406-D6F6-405C-AAF7-A7D5FCD4476E}.Debug|Any CPU.ActiveCfg = Debug|Any CPU
		{5AFF4406-D6F6-405C-AAF7-A7D5FCD4476E}.Debug|Any CPU.Build.0 = Debug|Any CPU
		{5AFF4406-D6F6-405C-AAF7-A7D5FCD4476E}.Release|Any CPU.ActiveCfg = Release|Any CPU
		{5AFF4406-D6F6-405C-AAF7-A7D5FCD4476E}.Release|Any CPU.Build.0 = Release|Any CPU
	EndGlobalSection
	GlobalSection(SolutionProperties) = preSolution
		HideSolutionNode = FALSE
	EndGlobalSection
	GlobalSection(ExtensibilityGlobals) = postSolution
		SolutionGuid = {DF6E4D4A-3EB0-4D36-BCEC-3C3C74065B88}
	EndGlobalSection
EndGlobal
